// !$*UTF8*$!
{
	archiveVersion = 1;
	classes = {
	};
	objectVersion = 46;
	objects = {

/* Begin PBXFileReference section */
		31C3873C197C026400DB678B /* test.py */ = {isa = PBXFileReference; lastKnownFileType = text.script.python; path = test.py; sourceTree = "<group>"; };
/* End PBXFileReference section */

/* Begin PBXGroup section */
		31C38735197C020D00DB678B = {
			isa = PBXGroup;
			children = (
				31C3873C197C026400DB678B /* test.py */,
			);
			sourceTree = "<group>";
		};
/* End PBXGroup section */

/* Begin PBXProject section */
		31C38736197C020D00DB678B /* Project object */ = {
			isa = PBXProject;
			attributes = {
				LastUpgradeCheck = 0510;
			};
			buildConfigurationList = 31C38739197C020D00DB678B /* Build configuration list for PBXProject "PythonDemo" */;
			compatibilityVersion = "Xcode 3.2";
			developmentRegion = English;
			hasScannedForEncodings = 0;
			knownRegions = (
				en,
			);
			mainGroup = 31C38735197C020D00DB678B;
			projectDirPath = "";
			projectRoot = "";
			targets = (
			);
		};
/* End PBXProject section */

/* Begin XCBuildConfiguration section */
		31C3873A197C020D00DB678B /* Debug */ = {
			isa = XCBuildConfiguration;
			buildSettings = {
				New_Setting = "";
			};
			name = Debug;
		};
		31C3873B197C020D00DB678B /* Release */ = {
			isa = XCBuildConfiguration;
			buildSettings = {
				New_Setting = "";
			};
			name = Release;
		};
/* End XCBuildConfiguration section */

/* Begin XCConfigurationList section */
		31C38739197C020D00DB678B /* Build configuration list for PBXProject "PythonDemo" */ = {
			isa = XCConfigurationList;
			buildConfigurations = (
				31C3873A197C020D00DB678B /* Debug */,
				31C3873B197C020D00DB678B /* Release */,
			);
			defaultConfigurationIsVisible = 0;
			defaultConfigurationName = Release;
		};
/* End XCConfigurationList section */
	};
	rootObject = 31C38736197C020D00DB678B /* Project object */;
}
